---
lockfileVersion: 1
lockfileVendor: redhat
arches:
- arch: aarch64
  packages:
  - url: https://cdn-ubi.redhat.com/content/public/ubi/dist/ubi9/9/aarch64/appstream/os/Packages/j/jq-1.6-15.el9.aarch64.rpm
    repoid: ubi-9-for-aarch64-appstream-rpms
    size: 187128
    checksum: sha256:e21b572bcb332664bb342fe53d5ced4714ccd5008f2170049ef77fa2162183a0
    name: jq
    evr: 1.6-15.el9
    sourcerpm: jq-1.6-15.el9.src.rpm
  - url: https://cdn-ubi.redhat.com/content/public/ubi/dist/ubi9/9/aarch64/appstream/os/Packages/n/nginx-1.20.1-22.el9_6.2.aarch64.rpm
    repoid: ubi-9-for-aarch64-appstream-rpms
    size: 41722
    checksum: sha256:32e80345da463902f487937ba87d617f0d9e95cc4bed57a8a3ae3b36e3b047e8
    name: nginx
    evr: 2:1.20.1-22.el9_6.2
    sourcerpm: nginx-1.20.1-22.el9_6.2.src.rpm
  - url: https://cdn-ubi.redhat.com/content/public/ubi/dist/ubi9/9/aarch64/appstream/os/Packages/n/nginx-core-1.20.1-22.el9_6.2.aarch64.rpm
    repoid: ubi-9-for-aarch64-appstream-rpms
    size: 589416
    checksum: sha256:efbbe5cb820ecd4ef02390afc949e44c3d3bae160eed9818942ede2091aae8b5
    name: nginx-core
    evr: 2:1.20.1-22.el9_6.2
    sourcerpm: nginx-1.20.1-22.el9_6.2.src.rpm
  - url: https://cdn-ubi.redhat.com/content/public/ubi/dist/ubi9/9/aarch64/appstream/os/Packages/n/nginx-filesystem-1.20.1-22.el9_6.2.noarch.rpm
    repoid: ubi-9-for-aarch64-appstream-rpms
    size: 12403
    checksum: sha256:fa6f9fd9c3a0f1224696de3f02b8f7fbc93ec981c8b9ae2e0f762e91e4d6777c
    name: nginx-filesystem
    evr: 2:1.20.1-22.el9_6.2
    sourcerpm: nginx-1.20.1-22.el9_6.2.src.rpm
  - url: https://cdn-ubi.redhat.com/content/public/ubi/dist/ubi9/9/aarch64/appstream/os/Packages/o/oniguruma-6.9.6-1.el9.5.aarch64.rpm
    repoid: ubi-9-for-aarch64-appstream-rpms
    size: 222582
    checksum: sha256:bc2305dad655ddb94f966158112efd6cefa6824d5aa2e80f63881f16cee74598
    name: oniguruma
    evr: 6.9.6-1.el9.5
    sourcerpm: oniguruma-6.9.6-1.el9.5.src.rpm
  - url: https://cdn-ubi.redhat.com/content/public/ubi/dist/ubi9/9/aarch64/appstream/os/Packages/r/redhat-logos-httpd-90.4-2.el9.noarch.rpm
    repoid: ubi-9-for-aarch64-appstream-rpms
    size: 18560
    checksum: sha256:0cbb95e683a3e91a56e4f86ab85585ebaa754ffab7750f3e927f4b3f7edc5c0a
    name: redhat-logos-httpd
    evr: 90.4-2.el9
    sourcerpm: redhat-logos-90.4-2.el9.src.rpm
  - url: https://cdn-ubi.redhat.com/content/public/ubi/dist/ubi9/9/aarch64/baseos/os/Packages/a/acl-2.3.1-4.el9.aarch64.rpm
    repoid: ubi-9-for-aarch64-baseos-rpms
    size: 77245
    checksum: sha256:59d24711260ff0e69762fc4e728279b0e7b6ecfdb5a9b8ba01cd96682c679022
    name: acl
    evr: 2.3.1-4.el9
    sourcerpm: acl-2.3.1-4.el9.src.rpm
  - url: https://cdn-ubi.redhat.com/content/public/ubi/dist/ubi9/9/aarch64/baseos/os/Packages/a/alternatives-1.24-2.el9.aarch64.rpm
    repoid: ubi-9-for-aarch64-baseos-rpms
    size: 42137
    checksum: sha256:6f7c0667ac015bc0d40836c9f55c73ebf65a209069f69aa8f58e6b4655c820a8
    name: alternatives
    evr: 1.24-2.el9
    sourcerpm: chkconfig-1.24-2.el9.src.rpm
  - url: https://cdn-ubi.redhat.com/content/public/ubi/dist/ubi9/9/aarch64/baseos/os/Packages/a/audit-libs-3.1.5-4.el9.aarch64.rpm
    repoid: ubi-9-for-aarch64-baseos-rpms
    size: 126689
    checksum: sha256:1249dd4f4dd4ea5e69aa9c7f2144fc47682b79a53a40b50351a75c2457b6b3da
    name: audit-libs
    evr: 3.1.5-4.el9
    sourcerpm: audit-3.1.5-4.el9.src.rpm
  - url: https://cdn-ubi.redhat.com/content/public/ubi/dist/ubi9/9/aarch64/baseos/os/Packages/b/bzip2-libs-1.0.8-10.el9_5.aarch64.rpm
    repoid: ubi-9-for-aarch64-baseos-rpms
    size: 43945
    checksum: sha256:d5ae9d4fc841dbfa72948e6810cbc1baf0430545a2cb195683b1b5b950ae8cc6
    name: bzip2-libs
    evr: 1.0.8-10.el9_5
    sourcerpm: bzip2-1.0.8-10.el9_5.src.rpm
  - url: https://cdn-ubi.redhat.com/content/public/ubi/dist/ubi9/9/aarch64/baseos/os/Packages/c/ca-certificates-2024.2.69_v8.0.303-91.4.el9_4.noarch.rpm
    repoid: ubi-9-for-aarch64-baseos-rpms
    size: 1044629
    checksum: sha256:fda07ba8aa8afd38800aa1e49ddd4c7916d8f67030739f85f59727f47bdf28dd
    name: ca-certificates
    evr: 2024.2.69_v8.0.303-91.4.el9_4
    sourcerpm: ca-certificates-2024.2.69_v8.0.303-91.4.el9_4.src.rpm
  - url: https://cdn-ubi.redhat.com/content/public/ubi/dist/ubi9/9/aarch64/baseos/os/Packages/c/cracklib-2.9.6-27.el9.aarch64.rpm
    repoid: ubi-9-for-aarch64-baseos-rpms
    size: 100995
    checksum: sha256:6b4e2bae51af42c1ab0f1ec7430ab19542747937a827eba8cac540cb7514a145
    name: cracklib
    evr: 2.9.6-27.el9
    sourcerpm: cracklib-2.9.6-27.el9.src.rpm
  - url: https://cdn-ubi.redhat.com/content/public/ubi/dist/ubi9/9/aarch64/baseos/os/Packages/c/cracklib-dicts-2.9.6-27.el9.aarch64.rpm
    repoid: ubi-9-for-aarch64-baseos-rpms
    size: 3821337
    checksum: sha256:c4ef55b06c9b5352b2338a6deccd25030472308b3ffe39735585967382e75419
    name: cracklib-dicts
    evr: 2.9.6-27.el9
    sourcerpm: cracklib-2.9.6-27.el9.src.rpm
  - url: https://cdn-ubi.redhat.com/content/public/ubi/dist/ubi9/9/aarch64/baseos/os/Packages/c/crypto-policies-20250128-1.git5269e22.el9.noarch.rpm
    repoid: ubi-9-for-aarch64-baseos-rpms
    size: 92144
    checksum: sha256:e3ca18b4805fe8624d7d884859c167c14f48a4a1565b75403bb7470e7132cc1a
    name: crypto-policies
    evr: 20250128-1.git5269e22.el9
    sourcerpm: crypto-policies-20250128-1.git5269e22.el9.src.rpm
  - url: https://cdn-ubi.redhat.com/content/public/ubi/dist/ubi9/9/aarch64/baseos/os/Packages/d/dbus-1.12.20-8.el9.aarch64.rpm
    repoid: ubi-9-for-aarch64-baseos-rpms
    size: 8025
    checksum: sha256:5178f638660d1699fb06caeeac91f41c07da59b500e94adf2653df892f2cbdf8
    name: dbus
    evr: 1:1.12.20-8.el9
    sourcerpm: dbus-1.12.20-8.el9.src.rpm
  - url: https://cdn-ubi.redhat.com/content/public/ubi/dist/ubi9/9/aarch64/baseos/os/Packages/d/dbus-broker-28-7.el9.aarch64.rpm
    repoid: ubi-9-for-aarch64-baseos-rpms
    size: 173303
    checksum: sha256:342af53fbf4254e34b5f19a6be6f22c67551c26dd0c49016edc93e806621b75d
    name: dbus-broker
    evr: 28-7.el9
    sourcerpm: dbus-broker-28-7.el9.src.rpm
  - url: https://cdn-ubi.redhat.com/content/public/ubi/dist/ubi9/9/aarch64/baseos/os/Packages/d/dbus-common-1.12.20-8.el9.noarch.rpm
    repoid: ubi-9-for-aarch64-baseos-rpms
    size: 18551
    checksum: sha256:298f1cada3cbcef6713098b9925694a0e30e8566f7a5bdbd72384520cf6c8360
    name: dbus-common
    evr: 1:1.12.20-8.el9
    sourcerpm: dbus-1.12.20-8.el9.src.rpm
  - url: https://cdn-ubi.redhat.com/content/public/ubi/dist/ubi9/9/aarch64/baseos/os/Packages/e/expat-2.5.0-5.el9_6.aarch64.rpm
    repoid: ubi-9-for-aarch64-baseos-rpms
    size: 116016
    checksum: sha256:fd3234795b06ce0a45bfdec417be51a88296c0da0ea5b0d156aa327839e33052
    name: expat
    evr: 2.5.0-5.el9_6
    sourcerpm: expat-2.5.0-5.el9_6.src.rpm
  - url: https://cdn-ubi.redhat.com/content/public/ubi/dist/ubi9/9/aarch64/baseos/os/Packages/g/grep-3.6-5.el9.aarch64.rpm
    repoid: ubi-9-for-aarch64-baseos-rpms
    size: 276244
    checksum: sha256:583a247a199901d44dc8a96d46010e15f6211f98f7c61ba089825155b0562520
    name: grep
    evr: 3.6-5.el9
    sourcerpm: grep-3.6-5.el9.src.rpm
  - url: https://cdn-ubi.redhat.com/content/public/ubi/dist/ubi9/9/aarch64/baseos/os/Packages/g/gzip-1.12-1.el9.aarch64.rpm
    repoid: ubi-9-for-aarch64-baseos-rpms
    size: 169809
    checksum: sha256:45710df49b439ddc4a2848fd3877367761b574234ae28b6be46f1cf54f3fcdca
    name: gzip
    evr: 1.12-1.el9
    sourcerpm: gzip-1.12-1.el9.src.rpm
  - url: https://cdn-ubi.redhat.com/content/public/ubi/dist/ubi9/9/aarch64/baseos/os/Packages/k/kmod-libs-28-10.el9.aarch64.rpm
    repoid: ubi-9-for-aarch64-baseos-rpms
    size: 65172
    checksum: sha256:034496ce5f4ab068b21e4b53a3cf0845fb126b03fcda430b7e2636812092f460
    name: kmod-libs
    evr: 28-10.el9
    sourcerpm: kmod-28-10.el9.src.rpm
  - url: https://cdn-ubi.redhat.com/content/public/ubi/dist/ubi9/9/aarch64/baseos/os/Packages/l/libblkid-2.37.4-21.el9.aarch64.rpm
    repoid: ubi-9-for-aarch64-baseos-rpms
    size: 111159
    checksum: sha256:3db3a4409ad43eb5e27d83778e1c2464441d0369cb4f16df800874d71300915e
    name: libblkid
    evr: 2.37.4-21.el9
    sourcerpm: util-linux-2.37.4-21.el9.src.rpm
  - url: https://cdn-ubi.redhat.com/content/public/ubi/dist/ubi9/9/aarch64/baseos/os/Packages/l/libcap-ng-0.8.2-7.el9.aarch64.rpm
    repoid: ubi-9-for-aarch64-baseos-rpms
    size: 36033
    checksum: sha256:dc4eae31749196c0043225c6749e7306ff71f081c09cbdb2fc98a561087c4474
    name: libcap-ng
    evr: 0.8.2-7.el9
    sourcerpm: libcap-ng-0.8.2-7.el9.src.rpm
  - url: https://cdn-ubi.redhat.com/content/public/ubi/dist/ubi9/9/aarch64/baseos/os/Packages/l/libdb-5.3.28-55.el9.aarch64.rpm
    repoid: ubi-9-for-aarch64-baseos-rpms
    size: 727578
    checksum: sha256:9b20dcbdf347278363c3305a35be0691444e295c43b64181cb67d1b73499f10e
    name: libdb
    evr: 5.3.28-55.el9
    sourcerpm: libdb-5.3.28-55.el9.src.rpm
  - url: https://cdn-ubi.redhat.com/content/public/ubi/dist/ubi9/9/aarch64/baseos/os/Packages/l/libeconf-0.4.1-4.el9.aarch64.rpm
    repoid: ubi-9-for-aarch64-baseos-rpms
    size: 29577
    checksum: sha256:b6f435b6b79b8a62729f581edead46542dc61fe7276117b2354c324c44ba8309
    name: libeconf
    evr: 0.4.1-4.el9
    sourcerpm: libeconf-0.4.1-4.el9.src.rpm
  - url: https://cdn-ubi.redhat.com/content/public/ubi/dist/ubi9/9/aarch64/baseos/os/Packages/l/libfdisk-2.37.4-21.el9.aarch64.rpm
    repoid: ubi-9-for-aarch64-baseos-rpms
    size: 153926
    checksum: sha256:e39cadb3e0cfd498fa1f37ec76d5f28af35a29b23c4ab163a21d0abc868e156f
    name: libfdisk
    evr: 2.37.4-21.el9
    sourcerpm: util-linux-2.37.4-21.el9.src.rpm
  - url: https://cdn-ubi.redhat.com/content/public/ubi/dist/ubi9/9/aarch64/baseos/os/Packages/l/libffi-3.4.2-8.el9.aarch64.rpm
    repoid: ubi-9-for-aarch64-baseos-rpms
    size: 38554
    checksum: sha256:d33e180b97a603542cb6f1a78b1c3b0ce4af1bc59ee0bb32620c98a629726bc4
    name: libffi
    evr: 3.4.2-8.el9
    sourcerpm: libffi-3.4.2-8.el9.src.rpm
  - url: https://cdn-ubi.redhat.com/content/public/ubi/dist/ubi9/9/aarch64/baseos/os/Packages/l/libgcrypt-1.10.0-11.el9.aarch64.rpm
    repoid: ubi-9-for-aarch64-baseos-rpms
    size: 468890
    checksum: sha256:3d2245f8566422e27f77d0ef4820bafe8d059b12612e74e5672d9c5959ff7ec3
    name: libgcrypt
    evr: 1.10.0-11.el9
    sourcerpm: libgcrypt-1.10.0-11.el9.src.rpm
  - url: https://cdn-ubi.redhat.com/content/public/ubi/dist/ubi9/9/aarch64/baseos/os/Packages/l/libgpg-error-1.42-5.el9.aarch64.rpm
    repoid: ubi-9-for-aarch64-baseos-rpms
    size: 222476
    checksum: sha256:aee968114aed0238eb26cff42ec9b0819ad32e2bac99aa8124d55b480806aca5
    name: libgpg-error
    evr: 1.42-5.el9
    sourcerpm: libgpg-error-1.42-5.el9.src.rpm
  - url: https://cdn-ubi.redhat.com/content/public/ubi/dist/ubi9/9/aarch64/baseos/os/Packages/l/libmount-2.37.4-21.el9.aarch64.rpm
    repoid: ubi-9-for-aarch64-baseos-rpms
    size: 137710
    checksum: sha256:96b71d0a56e81ff4b9a7e3e54781375d5771cb6e22892b5cab03e24ef127e22b
    name: libmount
    evr: 2.37.4-21.el9
    sourcerpm: util-linux-2.37.4-21.el9.src.rpm
  - url: https://cdn-ubi.redhat.com/content/public/ubi/dist/ubi9/9/aarch64/baseos/os/Packages/l/libpwquality-1.4.4-8.el9.aarch64.rpm
    repoid: ubi-9-for-aarch64-baseos-rpms
    size: 125712
    checksum: sha256:1657d94bbd79f93dc7a79d474316813bde681ce3a7f62f73314ec4d630e39349
    name: libpwquality
    evr: 1.4.4-8.el9
    sourcerpm: libpwquality-1.4.4-8.el9.src.rpm
  - url: https://cdn-ubi.redhat.com/content/public/ubi/dist/ubi9/9/aarch64/baseos/os/Packages/l/libseccomp-2.5.2-2.el9.aarch64.rpm
    repoid: ubi-9-for-aarch64-baseos-rpms
    size: 76024
    checksum: sha256:fc1d5e93483d166ca7f2acb50c04c181db2f3e7b89dba8edc6b1e5f2b0f10619
    name: libseccomp
    evr: 2.5.2-2.el9
    sourcerpm: libseccomp-2.5.2-2.el9.src.rpm
  - url: https://cdn-ubi.redhat.com/content/public/ubi/dist/ubi9/9/aarch64/baseos/os/Packages/l/libsemanage-3.6-5.el9_6.aarch64.rpm
    repoid: ubi-9-for-aarch64-baseos-rpms
    size: 120963
    checksum: sha256:233d8270827b9166ad11827599800d2a09284d29e73af09c7a12bae251a9463c
    name: libsemanage
    evr: 3.6-5.el9_6
    sourcerpm: libsemanage-3.6-5.el9_6.src.rpm
  - url: https://cdn-ubi.redhat.com/content/public/ubi/dist/ubi9/9/aarch64/baseos/os/Packages/l/libsigsegv-2.13-4.el9.aarch64.rpm
    repoid: ubi-9-for-aarch64-baseos-rpms
    size: 30566
    checksum: sha256:0998ac158161c9d5f3b97c5dc6e35becd84da0ddc5d347a8af581ada529b3b5c
    name: libsigsegv
    evr: 2.13-4.el9
    sourcerpm: libsigsegv-2.13-4.el9.src.rpm
  - url: https://cdn-ubi.redhat.com/content/public/ubi/dist/ubi9/9/aarch64/baseos/os/Packages/l/libsmartcols-2.37.4-21.el9.aarch64.rpm
    repoid: ubi-9-for-aarch64-baseos-rpms
    size: 65074
    checksum: sha256:2a40b8f0489a12e09fa00bd662ff21f00cdc72e834956525dcd4c89198c62e94
    name: libsmartcols
    evr: 2.37.4-21.el9
    sourcerpm: util-linux-2.37.4-21.el9.src.rpm
  - url: https://cdn-ubi.redhat.com/content/public/ubi/dist/ubi9/9/aarch64/baseos/os/Packages/l/libtasn1-4.16.0-9.el9.aarch64.rpm
    repoid: ubi-9-for-aarch64-baseos-rpms
    size: 77910
    checksum: sha256:64fca0d49523ffb182e8bad1b8d52e2c2b7b722ceb54e4fb03e118d07fb59db1
    name: libtasn1
    evr: 4.16.0-9.el9
    sourcerpm: libtasn1-4.16.0-9.el9.src.rpm
  - url: https://cdn-ubi.redhat.com/content/public/ubi/dist/ubi9/9/aarch64/baseos/os/Packages/l/libutempter-1.2.1-6.el9.aarch64.rpm
    repoid: ubi-9-for-aarch64-baseos-rpms
    size: 30505
    checksum: sha256:d352371cbb7d5bd0c53fc699df953c8c1f184b056690b3c4571e57a6634015c5
    name: libutempter
    evr: 1.2.1-6.el9
    sourcerpm: libutempter-1.2.1-6.el9.src.rpm
  - url: https://cdn-ubi.redhat.com/content/public/ubi/dist/ubi9/9/aarch64/baseos/os/Packages/l/libuuid-2.37.4-21.el9.aarch64.rpm
    repoid: ubi-9-for-aarch64-baseos-rpms
    size: 30161
    checksum: sha256:2b7ec675c335ecdbe0e489c43dd3c5b03135b2f42e352d35a58b9cad8ae9897d
    name: libuuid
    evr: 2.37.4-21.el9
    sourcerpm: util-linux-2.37.4-21.el9.src.rpm
  - url: https://cdn-ubi.redhat.com/content/public/ubi/dist/ubi9/9/aarch64/baseos/os/Packages/l/libxcrypt-4.4.18-3.el9.aarch64.rpm
    repoid: ubi-9-for-aarch64-baseos-rpms
    size: 127655
    checksum: sha256:f05030123425a5033bcca3f260313cafc199bc7bca57e9fb13c335bd087c35a7
    name: libxcrypt
    evr: 4.4.18-3.el9
    sourcerpm: libxcrypt-4.4.18-3.el9.src.rpm
  - url: https://cdn-ubi.redhat.com/content/public/ubi/dist/ubi9/9/aarch64/baseos/os/Packages/l/libzstd-1.5.5-1.el9.aarch64.rpm
    repoid: ubi-9-for-aarch64-baseos-rpms
    size: 283159
    checksum: sha256:1229ed44dc7a68278682d7697c41d0abd7daedd242d90c6dc58a9aa6e76f9e6f
    name: libzstd
    evr: 1.5.5-1.el9
    sourcerpm: zstd-1.5.5-1.el9.src.rpm
  - url: https://cdn-ubi.redhat.com/content/public/ubi/dist/ubi9/9/aarch64/baseos/os/Packages/l/logrotate-3.18.0-9.el9.aarch64.rpm
    repoid: ubi-9-for-aarch64-baseos-rpms
    size: 77606
    checksum: sha256:ec147e6f01f5dab279becccba16de63803730229284bb061717b38949301e1dd
    name: logrotate
    evr: 3.18.0-9.el9
    sourcerpm: logrotate-3.18.0-9.el9.src.rpm
  - url: https://cdn-ubi.redhat.com/content/public/ubi/dist/ubi9/9/aarch64/baseos/os/Packages/l/lz4-libs-1.9.3-5.el9.aarch64.rpm
    repoid: ubi-9-for-aarch64-baseos-rpms
    size: 70696
    checksum: sha256:e1dbd2c38a65b135427c7c8fe988ea70dc95f7e26c4c8177b7dcb23925020015
    name: lz4-libs
    evr: 1.9.3-5.el9
    sourcerpm: lz4-1.9.3-5.el9.src.rpm
  - url: https://cdn-ubi.redhat.com/content/public/ubi/dist/ubi9/9/aarch64/baseos/os/Packages/o/openssl-3.2.2-6.el9_5.1.aarch64.rpm
    repoid: ubi-9-for-aarch64-baseos-rpms
    size: 1398689
    checksum: sha256:f914250a9ef52968e27af0f0e2520745df4443dc354367bec54dd06b4a2da60b
    name: openssl
    evr: 1:3.2.2-6.el9_5.1
    sourcerpm: openssl-3.2.2-6.el9_5.1.src.rpm
  - url: https://cdn-ubi.redhat.com/content/public/ubi/dist/ubi9/9/aarch64/baseos/os/Packages/o/openssl-fips-provider-3.0.7-6.el9_5.aarch64.rpm
    repoid: ubi-9-for-aarch64-baseos-rpms
    size: 9593
    checksum: sha256:33ad14837e13796c95c8dfc02afec41a10e2d5dc42a07599c6c403025383303a
    name: openssl-fips-provider
    evr: 3.0.7-6.el9_5
    sourcerpm: openssl-fips-provider-3.0.7-6.el9_5.src.rpm
  - url: https://cdn-ubi.redhat.com/content/public/ubi/dist/ubi9/9/aarch64/baseos/os/Packages/o/openssl-fips-provider-so-3.0.7-6.el9_5.aarch64.rpm
    repoid: ubi-9-for-aarch64-baseos-rpms
    size: 525588
    checksum: sha256:20728673b4e8c438d90a8d10ac40c0ecfe9df109b17e1ed4ece30dcbcd80ea84
    name: openssl-fips-provider-so
    evr: 3.0.7-6.el9_5
    sourcerpm: openssl-fips-provider-3.0.7-6.el9_5.src.rpm
  - url: https://cdn-ubi.redhat.com/content/public/ubi/dist/ubi9/9/aarch64/baseos/os/Packages/o/openssl-libs-3.2.2-6.el9_5.1.aarch64.rpm
    repoid: ubi-9-for-aarch64-baseos-rpms
    size: 2085943
    checksum: sha256:fb9062e4635959a929f278002c5ff1bf35323987538c71fa86442c980eab4a44
    name: openssl-libs
    evr: 1:3.2.2-6.el9_5.1
    sourcerpm: openssl-3.2.2-6.el9_5.1.src.rpm
  - url: https://cdn-ubi.redhat.com/content/public/ubi/dist/ubi9/9/aarch64/baseos/os/Packages/p/p11-kit-0.25.3-3.el9_5.aarch64.rpm
    repoid: ubi-9-for-aarch64-baseos-rpms
    size: 523171
    checksum: sha256:b35f44babbb425e5626f21a21eb40017d2e671daf5d0848799a39070f630e7ba
    name: p11-kit
    evr: 0.25.3-3.el9_5
    sourcerpm: p11-kit-0.25.3-3.el9_5.src.rpm
  - url: https://cdn-ubi.redhat.com/content/public/ubi/dist/ubi9/9/aarch64/baseos/os/Packages/p/p11-kit-trust-0.25.3-3.el9_5.aarch64.rpm
    repoid: ubi-9-for-aarch64-baseos-rpms
    size: 145428
    checksum: sha256:56a9bf7685f57d1dacf248d25309a8f8bdd6f919908748d7a9b93258a00fc37d
    name: p11-kit-trust
    evr: 0.25.3-3.el9_5
    sourcerpm: p11-kit-0.25.3-3.el9_5.src.rpm
  - url: https://cdn-ubi.redhat.com/content/public/ubi/dist/ubi9/9/aarch64/baseos/os/Packages/p/pam-1.5.1-23.el9.aarch64.rpm
    repoid: ubi-9-for-aarch64-baseos-rpms
    size: 645611
    checksum: sha256:9455e74b37d76386da70810917219eae05cf4524733e660ea9492b07050b8f68
    name: pam
    evr: 1.5.1-23.el9
    sourcerpm: pam-1.5.1-23.el9.src.rpm
  - url: https://cdn-ubi.redhat.com/content/public/ubi/dist/ubi9/9/aarch64/baseos/os/Packages/p/pcre-8.44-4.el9.aarch64.rpm
    repoid: ubi-9-for-aarch64-baseos-rpms
    size: 187289
    checksum: sha256:099feef7e71b82cf0234e37d824fc81353d51dee55694e05181fa686ab50efae
    name: pcre
    evr: 8.44-4.el9
    sourcerpm: pcre-8.44-4.el9.src.rpm
  - url: https://cdn-ubi.redhat.com/content/public/ubi/dist/ubi9/9/aarch64/baseos/os/Packages/p/popt-1.18-8.el9.aarch64.rpm
    repoid: ubi-9-for-aarch64-baseos-rpms
    size: 70067
    checksum: sha256:f49c6d53f428bb3b610633af7b1053a6c1dc522762a9c6cb35195e519227eb51
    name: popt
    evr: 1.18-8.el9
    sourcerpm: popt-1.18-8.el9.src.rpm
  - url: https://cdn-ubi.redhat.com/content/public/ubi/dist/ubi9/9/aarch64/baseos/os/Packages/r/readline-8.1-4.el9.aarch64.rpm
    repoid: ubi-9-for-aarch64-baseos-rpms
    size: 219015
    checksum: sha256:2ae424b368c6747124b51b205b9e11d74aeaff56b3de90e8cbd36012e0d17707
    name: readline
    evr: 8.1-4.el9
    sourcerpm: readline-8.1-4.el9.src.rpm
  - url: https://cdn-ubi.redhat.com/content/public/ubi/dist/ubi9/9/aarch64/baseos/os/Packages/s/sed-4.8-9.el9.aarch64.rpm
    repoid: ubi-9-for-aarch64-baseos-rpms
    size: 314254
    checksum: sha256:c67205a62c1ef2ad5689382d9f1d1ddc84ca4eada797209d7561e16fa049fde1
    name: sed
    evr: 4.8-9.el9
    sourcerpm: sed-4.8-9.el9.src.rpm
  - url: https://cdn-ubi.redhat.com/content/public/ubi/dist/ubi9/9/aarch64/baseos/os/Packages/s/shadow-utils-4.9-12.el9.aarch64.rpm
    repoid: ubi-9-for-aarch64-baseos-rpms
    size: 1254167
    checksum: sha256:d620edfa682c03648acc7a89567148d682d86ccebbbbc1552e182d7e5909f86e
    name: shadow-utils
    evr: 2:4.9-12.el9
    sourcerpm: shadow-utils-4.9-12.el9.src.rpm
  - url: https://cdn-ubi.redhat.com/content/public/ubi/dist/ubi9/9/aarch64/baseos/os/Packages/s/systemd-252-51.el9.aarch64.rpm
    repoid: ubi-9-for-aarch64-baseos-rpms
    size: 4178904
    checksum: sha256:de3f63f5ef5391f65423674b92d29ec2ac3858ac516ced95e7f3e14c35ec9726
    name: systemd
    evr: 252-51.el9
    sourcerpm: systemd-252-51.el9.src.rpm
  - url: https://cdn-ubi.redhat.com/content/public/ubi/dist/ubi9/9/aarch64/baseos/os/Packages/s/systemd-libs-252-51.el9.aarch64.rpm
    repoid: ubi-9-for-aarch64-baseos-rpms
    size: 667841
    checksum: sha256:542a6cb51c48e5f52e3c2b242d430b65df13732815b93856a8834b0c34e80413
    name: systemd-libs
    evr: 252-51.el9
    sourcerpm: systemd-252-51.el9.src.rpm
  - url: https://cdn-ubi.redhat.com/content/public/ubi/dist/ubi9/9/aarch64/baseos/os/Packages/s/systemd-pam-252-51.el9.aarch64.rpm
    repoid: ubi-9-for-aarch64-baseos-rpms
    size: 284237
    checksum: sha256:12aa76257995d25bc81ad6c2e2ff0a7acaaf5dd2862b391a0e9d443b0fdbf3a3
    name: systemd-pam
    evr: 252-51.el9
    sourcerpm: systemd-252-51.el9.src.rpm
  - url: https://cdn-ubi.redhat.com/content/public/ubi/dist/ubi9/9/aarch64/baseos/os/Packages/s/systemd-rpm-macros-252-51.el9.noarch.rpm
    repoid: ubi-9-for-aarch64-baseos-rpms
    size: 77716
    checksum: sha256:3cbe727507a7bc53773cd360372d7be3876f8ddf29b0181158c7f250caa3331c
    name: systemd-rpm-macros
    evr: 252-51.el9
    sourcerpm: systemd-252-51.el9.src.rpm
  - url: https://cdn-ubi.redhat.com/content/public/ubi/dist/ubi9/9/aarch64/baseos/os/Packages/u/util-linux-2.37.4-21.el9.aarch64.rpm
    repoid: ubi-9-for-aarch64-baseos-rpms
    size: 2391248
    checksum: sha256:82bd3fae04690f35c634e8cd6ad14faacfe3db2bb398f98fb6c8d50df961978c
    name: util-linux
    evr: 2.37.4-21.el9
    sourcerpm: util-linux-2.37.4-21.el9.src.rpm
  - url: https://cdn-ubi.redhat.com/content/public/ubi/dist/ubi9/9/aarch64/baseos/os/Packages/u/util-linux-core-2.37.4-21.el9.aarch64.rpm
    repoid: ubi-9-for-aarch64-baseos-rpms
    size: 476169
    checksum: sha256:e1d6b36eaaa048d6cb22799d3c463c95d0aadf5dac83fdcf05e9c047eb396406
    name: util-linux-core
    evr: 2.37.4-21.el9
    sourcerpm: util-linux-2.37.4-21.el9.src.rpm
  - url: https://cdn-ubi.redhat.com/content/public/ubi/dist/ubi9/9/aarch64/baseos/os/Packages/x/xz-libs-5.2.5-8.el9_0.aarch64.rpm
    repoid: ubi-9-for-aarch64-baseos-rpms
    size: 94569
    checksum: sha256:06931afb372ed4a6893e51558beaa6b0eab7adda0af93456fd99a081a8b80779
    name: xz-libs
    evr: 5.2.5-8.el9_0
    sourcerpm: xz-5.2.5-8.el9_0.src.rpm
  - url: https://cdn-ubi.redhat.com/content/public/ubi/dist/ubi9/9/aarch64/baseos/os/Packages/z/zlib-1.2.11-40.el9.aarch64.rpm
    repoid: ubi-9-for-aarch64-baseos-rpms
    size: 94454
    checksum: sha256:2e7f193e67235130c10f5579c2d2ec92e22e4098b6d12fb2855d93b1540c60f7
    name: zlib
    evr: 1.2.11-40.el9
    sourcerpm: zlib-1.2.11-40.el9.src.rpm
  source: []
  module_metadata: []
- arch: x86_64
  packages:
  - url: https://cdn-ubi.redhat.com/content/public/ubi/dist/ubi9/9/x86_64/appstream/os/Packages/j/jq-1.6-15.el9.x86_64.rpm
    repoid: ubi-9-for-x86_64-appstream-rpms
    size: 194271
    checksum: sha256:d3157267cce88006c2ad3327ea7eb8983bea6f69327c157228b89814a3c473ae
    name: jq
    evr: 1.6-15.el9
    sourcerpm: jq-1.6-15.el9.src.rpm
  - url: https://cdn-ubi.redhat.com/content/public/ubi/dist/ubi9/9/x86_64/appstream/os/Packages/n/nginx-1.20.1-22.el9_6.2.x86_64.rpm
    repoid: ubi-9-for-x86_64-appstream-rpms
    size: 41763
    checksum: sha256:597fb953e0eb9ec52d82b80c886381f00fd89e509f171c7858af148cbea2be08
    name: nginx
    evr: 2:1.20.1-22.el9_6.2
    sourcerpm: nginx-1.20.1-22.el9_6.2.src.rpm
  - url: https://cdn-ubi.redhat.com/content/public/ubi/dist/ubi9/9/x86_64/appstream/os/Packages/n/nginx-core-1.20.1-22.el9_6.2.x86_64.rpm
    repoid: ubi-9-for-x86_64-appstream-rpms
    size: 588542
    checksum: sha256:b7ceb2db6cbc8a03c99dc4babc705c7c0cf6865f05f1e6dd977ea93de2f56ebe
    name: nginx-core
    evr: 2:1.20.1-22.el9_6.2
    sourcerpm: nginx-1.20.1-22.el9_6.2.src.rpm
  - url: https://cdn-ubi.redhat.com/content/public/ubi/dist/ubi9/9/x86_64/appstream/os/Packages/n/nginx-filesystem-1.20.1-22.el9_6.2.noarch.rpm
    repoid: ubi-9-for-x86_64-appstream-rpms
    size: 12403
    checksum: sha256:fa6f9fd9c3a0f1224696de3f02b8f7fbc93ec981c8b9ae2e0f762e91e4d6777c
    name: nginx-filesystem
    evr: 2:1.20.1-22.el9_6.2
    sourcerpm: nginx-1.20.1-22.el9_6.2.src.rpm
  - url: https://cdn-ubi.redhat.com/content/public/ubi/dist/ubi9/9/x86_64/appstream/os/Packages/o/oniguruma-6.9.6-1.el9.5.x86_64.rpm
    repoid: ubi-9-for-x86_64-appstream-rpms
    size: 226331
    checksum: sha256:6c884cc2216e5b4699ebd8cde27b39e99532520b367f645ed6cc660d081916dc
    name: oniguruma
    evr: 6.9.6-1.el9.5
    sourcerpm: oniguruma-6.9.6-1.el9.5.src.rpm
  - url: https://cdn-ubi.redhat.com/content/public/ubi/dist/ubi9/9/x86_64/appstream/os/Packages/r/redhat-logos-httpd-90.4-2.el9.noarch.rpm
    repoid: ubi-9-for-x86_64-appstream-rpms
    size: 18560
    checksum: sha256:0cbb95e683a3e91a56e4f86ab85585ebaa754ffab7750f3e927f4b3f7edc5c0a
    name: redhat-logos-httpd
    evr: 90.4-2.el9
    sourcerpm: redhat-logos-90.4-2.el9.src.rpm
  - url: https://cdn-ubi.redhat.com/content/public/ubi/dist/ubi9/9/x86_64/baseos/os/Packages/a/acl-2.3.1-4.el9.x86_64.rpm
    repoid: ubi-9-for-x86_64-baseos-rpms
    size: 77226
    checksum: sha256:150d7232faa90f84a09268f8998ee32670eef59cba98612aeb996ab75c4dfcc4
    name: acl
    evr: 2.3.1-4.el9
    sourcerpm: acl-2.3.1-4.el9.src.rpm
  - url: https://cdn-ubi.redhat.com/content/public/ubi/dist/ubi9/9/x86_64/baseos/os/Packages/a/alternatives-1.24-2.el9.x86_64.rpm
    repoid: ubi-9-for-x86_64-baseos-rpms
    size: 42874
    checksum: sha256:1c520b9bf7b592d936bb347a5107702e51678e160b88ecfbba6a30e35e47d24e
    name: alternatives
    evr: 1.24-2.el9
    sourcerpm: chkconfig-1.24-2.el9.src.rpm
  - url: https://cdn-ubi.redhat.com/content/public/ubi/dist/ubi9/9/x86_64/baseos/os/Packages/a/audit-libs-3.1.5-4.el9.x86_64.rpm
    repoid: ubi-9-for-x86_64-baseos-rpms
    size: 127977
    checksum: sha256:ab86c7bd1a87a0f613e99af5c6d2e7da662fc1e9bd826ec68384b1115f09fe31
    name: audit-libs
    evr: 3.1.5-4.el9
    sourcerpm: audit-3.1.5-4.el9.src.rpm
  - url: https://cdn-ubi.redhat.com/content/public/ubi/dist/ubi9/9/x86_64/baseos/os/Packages/b/bzip2-libs-1.0.8-10.el9_5.x86_64.rpm
    repoid: ubi-9-for-x86_64-baseos-rpms
    size: 42618
    checksum: sha256:5058aca2a4c5ac3356fb42e6e423e4101bc29199e0ae80d79d3fc564ba9d7c84
    name: bzip2-libs
    evr: 1.0.8-10.el9_5
    sourcerpm: bzip2-1.0.8-10.el9_5.src.rpm
  - url: https://cdn-ubi.redhat.com/content/public/ubi/dist/ubi9/9/x86_64/baseos/os/Packages/c/ca-certificates-2024.2.69_v8.0.303-91.4.el9_4.noarch.rpm
    repoid: ubi-9-for-x86_64-baseos-rpms
    size: 1044629
    checksum: sha256:fda07ba8aa8afd38800aa1e49ddd4c7916d8f67030739f85f59727f47bdf28dd
    name: ca-certificates
    evr: 2024.2.69_v8.0.303-91.4.el9_4
    sourcerpm: ca-certificates-2024.2.69_v8.0.303-91.4.el9_4.src.rpm
  - url: https://cdn-ubi.redhat.com/content/public/ubi/dist/ubi9/9/x86_64/baseos/os/Packages/c/cracklib-2.9.6-27.el9.x86_64.rpm
    repoid: ubi-9-for-x86_64-baseos-rpms
    size: 100903
    checksum: sha256:8551b711718596fbfef6622bbf32f785864959af9d06a76da2545ec9f3a126e7
    name: cracklib
    evr: 2.9.6-27.el9
    sourcerpm: cracklib-2.9.6-27.el9.src.rpm
  - url: https://cdn-ubi.redhat.com/content/public/ubi/dist/ubi9/9/x86_64/baseos/os/Packages/c/cracklib-dicts-2.9.6-27.el9.x86_64.rpm
    repoid: ubi-9-for-x86_64-baseos-rpms
    size: 3821230
    checksum: sha256:ab4356c86bdc996dc9e55703a7ae936e3e46aec6ebf6d6f008e126ff06e83df2
    name: cracklib-dicts
    evr: 2.9.6-27.el9
    sourcerpm: cracklib-2.9.6-27.el9.src.rpm
  - url: https://cdn-ubi.redhat.com/content/public/ubi/dist/ubi9/9/x86_64/baseos/os/Packages/c/crypto-policies-20250128-1.git5269e22.el9.noarch.rpm
    repoid: ubi-9-for-x86_64-baseos-rpms
    size: 92144
    checksum: sha256:e3ca18b4805fe8624d7d884859c167c14f48a4a1565b75403bb7470e7132cc1a
    name: crypto-policies
    evr: 20250128-1.git5269e22.el9
    sourcerpm: crypto-policies-20250128-1.git5269e22.el9.src.rpm
  - url: https://cdn-ubi.redhat.com/content/public/ubi/dist/ubi9/9/x86_64/baseos/os/Packages/d/dbus-1.12.20-8.el9.x86_64.rpm
    repoid: ubi-9-for-x86_64-baseos-rpms
    size: 8073
    checksum: sha256:96b1daa4de0a635ab760a8431fb005022bb7cb48d2d1d3ec9a8adb1798c0e10e
    name: dbus
    evr: 1:1.12.20-8.el9
    sourcerpm: dbus-1.12.20-8.el9.src.rpm
  - url: https://cdn-ubi.redhat.com/content/public/ubi/dist/ubi9/9/x86_64/baseos/os/Packages/d/dbus-broker-28-7.el9.x86_64.rpm
    repoid: ubi-9-for-x86_64-baseos-rpms
    size: 179634
    checksum: sha256:de9869c08df7f6952787d0335b9bf1a09b328bea920556a59af07c8e085dd3cb
    name: dbus-broker
    evr: 28-7.el9
    sourcerpm: dbus-broker-28-7.el9.src.rpm
  - url: https://cdn-ubi.redhat.com/content/public/ubi/dist/ubi9/9/x86_64/baseos/os/Packages/d/dbus-common-1.12.20-8.el9.noarch.rpm
    repoid: ubi-9-for-x86_64-baseos-rpms
    size: 18551
    checksum: sha256:298f1cada3cbcef6713098b9925694a0e30e8566f7a5bdbd72384520cf6c8360
    name: dbus-common
    evr: 1:1.12.20-8.el9
    sourcerpm: dbus-1.12.20-8.el9.src.rpm
  - url: https://cdn-ubi.redhat.com/content/public/ubi/dist/ubi9/9/x86_64/baseos/os/Packages/e/expat-2.5.0-5.el9_6.x86_64.rpm
    repoid: ubi-9-for-x86_64-baseos-rpms
    size: 121835
    checksum: sha256:63522da84934e944305c9e206894031988ab9e561bba2e6c131d76093d1a0211
    name: expat
    evr: 2.5.0-5.el9_6
    sourcerpm: expat-2.5.0-5.el9_6.src.rpm
  - url: https://cdn-ubi.redhat.com/content/public/ubi/dist/ubi9/9/x86_64/baseos/os/Packages/g/grep-3.6-5.el9.x86_64.rpm
    repoid: ubi-9-for-x86_64-baseos-rpms
    size: 279174
    checksum: sha256:5556895ff1817066ca71b50785615e944b0fcc7e1c94c983087c7c691819623d
    name: grep
    evr: 3.6-5.el9
    sourcerpm: grep-3.6-5.el9.src.rpm
  - url: https://cdn-ubi.redhat.com/content/public/ubi/dist/ubi9/9/x86_64/baseos/os/Packages/g/gzip-1.12-1.el9.x86_64.rpm
    repoid: ubi-9-for-x86_64-baseos-rpms
    size: 171206
    checksum: sha256:c8b3e0414d55b1eedb0185a564ac6cb2368bee2fd5f995447d045f6a714488ac
    name: gzip
    evr: 1.12-1.el9
    sourcerpm: gzip-1.12-1.el9.src.rpm
  - url: https://cdn-ubi.redhat.com/content/public/ubi/dist/ubi9/9/x86_64/baseos/os/Packages/k/kmod-libs-28-10.el9.x86_64.rpm
    repoid: ubi-9-for-x86_64-baseos-rpms
    size: 66607
    checksum: sha256:9ae0b89812908ee50ec654ba35f74dc478057e8981afd4a5cc8d2befd987b342
    name: kmod-libs
    evr: 28-10.el9
    sourcerpm: kmod-28-10.el9.src.rpm
  - url: https://cdn-ubi.redhat.com/content/public/ubi/dist/ubi9/9/x86_64/baseos/os/Packages/l/libblkid-2.37.4-21.el9.x86_64.rpm
    repoid: ubi-9-for-x86_64-baseos-rpms
    size: 111211
    checksum: sha256:d3cb190d20c5bdf24fff25acb78fd2bb5026efb86b3b8d51c35362c16e7563a1
    name: libblkid
    evr: 2.37.4-21.el9
    sourcerpm: util-linux-2.37.4-21.el9.src.rpm
  - url: https://cdn-ubi.redhat.com/content/public/ubi/dist/ubi9/9/x86_64/baseos/os/Packages/l/libcap-ng-0.8.2-7.el9.x86_64.rpm
    repoid: ubi-9-for-x86_64-baseos-rpms
    size: 36752
    checksum: sha256:ebddfc188d1ddbb0d6a238583cbc02dcb9fc0bd063a850b22d48980899976628
    name: libcap-ng
    evr: 0.8.2-7.el9
    sourcerpm: libcap-ng-0.8.2-7.el9.src.rpm
  - url: https://cdn-ubi.redhat.com/content/public/ubi/dist/ubi9/9/x86_64/baseos/os/Packages/l/libdb-5.3.28-55.el9.x86_64.rpm
    repoid: ubi-9-for-x86_64-baseos-rpms
    size: 754739
    checksum: sha256:b019fc2c6ec5d05c7225a189c0e751be4c1c572b82991022809cc8c1f4fa0a89
    name: libdb
    evr: 5.3.28-55.el9
    sourcerpm: libdb-5.3.28-55.el9.src.rpm
  - url: https://cdn-ubi.redhat.com/content/public/ubi/dist/ubi9/9/x86_64/baseos/os/Packages/l/libeconf-0.4.1-4.el9.x86_64.rpm
    repoid: ubi-9-for-x86_64-baseos-rpms
    size: 30371
    checksum: sha256:f7998382ca1be7836f6af05d42dc03f88799abcb10aa7a761e16f74058598012
    name: libeconf
    evr: 0.4.1-4.el9
    sourcerpm: libeconf-0.4.1-4.el9.src.rpm
  - url: https://cdn-ubi.redhat.com/content/public/ubi/dist/ubi9/9/x86_64/baseos/os/Packages/l/libfdisk-2.37.4-21.el9.x86_64.rpm
    repoid: ubi-9-for-x86_64-baseos-rpms
    size: 159417
    checksum: sha256:81c7676b72b85d8b5822888c510952ec0996b3d89bf8cddaf76dba31bc72a4a1
    name: libfdisk
    evr: 2.37.4-21.el9
    sourcerpm: util-linux-2.37.4-21.el9.src.rpm
  - url: https://cdn-ubi.redhat.com/content/public/ubi/dist/ubi9/9/x86_64/baseos/os/Packages/l/libffi-3.4.2-8.el9.x86_64.rpm
    repoid: ubi-9-for-x86_64-baseos-rpms
    size: 40619
    checksum: sha256:dde0012a94c6f3825e605b095b15767d89c2b87a5da097348310d7e87721c645
    name: libffi
    evr: 3.4.2-8.el9
    sourcerpm: libffi-3.4.2-8.el9.src.rpm
  - url: https://cdn-ubi.redhat.com/content/public/ubi/dist/ubi9/9/x86_64/baseos/os/Packages/l/libgcrypt-1.10.0-11.el9.x86_64.rpm
    repoid: ubi-9-for-x86_64-baseos-rpms
    size: 522581
    checksum: sha256:9d5a5a4292a5a345143b632c2764ad8e7b095413f78f5693d29c2ea5e7d37119
    name: libgcrypt
    evr: 1.10.0-11.el9
    sourcerpm: libgcrypt-1.10.0-11.el9.src.rpm
  - url: https://cdn-ubi.redhat.com/content/public/ubi/dist/ubi9/9/x86_64/baseos/os/Packages/l/libgpg-error-1.42-5.el9.x86_64.rpm
    repoid: ubi-9-for-x86_64-baseos-rpms
    size: 225603
    checksum: sha256:8248e20d7a253aa9c0dc7dc3d56b42e1def4fd5753ce8e8b9e980aa664fc9068
    name: libgpg-error
    evr: 1.42-5.el9
    sourcerpm: libgpg-error-1.42-5.el9.src.rpm
  - url: https://cdn-ubi.redhat.com/content/public/ubi/dist/ubi9/9/x86_64/baseos/os/Packages/l/libmount-2.37.4-21.el9.x86_64.rpm
    repoid: ubi-9-for-x86_64-baseos-rpms
    size: 139470
    checksum: sha256:49b2b2a02d276281bc02907b1d5431fd07ac200d47e621a41ca5169d30537442
    name: libmount
    evr: 2.37.4-21.el9
    sourcerpm: util-linux-2.37.4-21.el9.src.rpm
  - url: https://cdn-ubi.redhat.com/content/public/ubi/dist/ubi9/9/x86_64/baseos/os/Packages/l/libpwquality-1.4.4-8.el9.x86_64.rpm
    repoid: ubi-9-for-x86_64-baseos-rpms
    size: 126104
    checksum: sha256:14b7ff2f7fdaf8ebec90261f4619ea7f7c3564c4de8483666de7ed4b1f49b66f
    name: libpwquality
    evr: 1.4.4-8.el9
    sourcerpm: libpwquality-1.4.4-8.el9.src.rpm
  - url: https://cdn-ubi.redhat.com/content/public/ubi/dist/ubi9/9/x86_64/baseos/os/Packages/l/libseccomp-2.5.2-2.el9.x86_64.rpm
    repoid: ubi-9-for-x86_64-baseos-rpms
    size: 76200
    checksum: sha256:e2015f60dbe784330d5df43f3f05c68c307694600a636a1706bf86527cc82e82
    name: libseccomp
    evr: 2.5.2-2.el9
    sourcerpm: libseccomp-2.5.2-2.el9.src.rpm
  - url: https://cdn-ubi.redhat.com/content/public/ubi/dist/ubi9/9/x86_64/baseos/os/Packages/l/libsemanage-3.6-5.el9_6.x86_64.rpm
    repoid: ubi-9-for-x86_64-baseos-rpms
    size: 123449
    checksum: sha256:7ac29f46714cd762f18a52e9807fd1766b0cf9e0388aa3d9befaabf8785a01e3
    name: libsemanage
    evr: 3.6-5.el9_6
    sourcerpm: libsemanage-3.6-5.el9_6.src.rpm
  - url: https://cdn-ubi.redhat.com/content/public/ubi/dist/ubi9/9/x86_64/baseos/os/Packages/l/libsigsegv-2.13-4.el9.x86_64.rpm
    repoid: ubi-9-for-x86_64-baseos-rpms
    size: 30681
    checksum: sha256:24005c62017797b612d047a2af83a218633b32302a787fabd22e52230db6adc1
    name: libsigsegv
    evr: 2.13-4.el9
    sourcerpm: libsigsegv-2.13-4.el9.src.rpm
  - url: https://cdn-ubi.redhat.com/content/public/ubi/dist/ubi9/9/x86_64/baseos/os/Packages/l/libsmartcols-2.37.4-21.el9.x86_64.rpm
    repoid: ubi-9-for-x86_64-baseos-rpms
    size: 66253
    checksum: sha256:bdf30ad7ecb50b5a883fb55b21074b7ae8a8273dfba84f81401d10917bcdac4b
    name: libsmartcols
    evr: 2.37.4-21.el9
    sourcerpm: util-linux-2.37.4-21.el9.src.rpm
  - url: https://cdn-ubi.redhat.com/content/public/ubi/dist/ubi9/9/x86_64/baseos/os/Packages/l/libtasn1-4.16.0-9.el9.x86_64.rpm
    repoid: ubi-9-for-x86_64-baseos-rpms
    size: 78596
    checksum: sha256:3c619506cf4283d4d30d9e681a3565f79c1009f5e4a47d71b0de78c5ee24c91d
    name: libtasn1
    evr: 4.16.0-9.el9
    sourcerpm: libtasn1-4.16.0-9.el9.src.rpm
  - url: https://cdn-ubi.redhat.com/content/public/ubi/dist/ubi9/9/x86_64/baseos/os/Packages/l/libutempter-1.2.1-6.el9.x86_64.rpm
    repoid: ubi-9-for-x86_64-baseos-rpms
    size: 30354
    checksum: sha256:0f1df5e0d48c2ac9914bfffa7ed569cd58e42b17ba96bb3f7cf74d1e80de2597
    name: libutempter
    evr: 1.2.1-6.el9
    sourcerpm: libutempter-1.2.1-6.el9.src.rpm
  - url: https://cdn-ubi.redhat.com/content/public/ubi/dist/ubi9/9/x86_64/baseos/os/Packages/l/libuuid-2.37.4-21.el9.x86_64.rpm
    repoid: ubi-9-for-x86_64-baseos-rpms
    size: 30462
    checksum: sha256:04d74d33e9582ba723061d06f972118fdb4867d307164f61ea4778f7fa67aed7
    name: libuuid
    evr: 2.37.4-21.el9
    sourcerpm: util-linux-2.37.4-21.el9.src.rpm
  - url: https://cdn-ubi.redhat.com/content/public/ubi/dist/ubi9/9/x86_64/baseos/os/Packages/l/libxcrypt-4.4.18-3.el9.x86_64.rpm
    repoid: ubi-9-for-x86_64-baseos-rpms
    size: 122599
    checksum: sha256:a50bb26a28ee7e6379c86b5b91285299b71569fa87ea968d800a56090b7a179d
    name: libxcrypt
    evr: 4.4.18-3.el9
    sourcerpm: libxcrypt-4.4.18-3.el9.src.rpm
  - url: https://cdn-ubi.redhat.com/content/public/ubi/dist/ubi9/9/x86_64/baseos/os/Packages/l/libzstd-1.5.5-1.el9.x86_64.rpm
    repoid: ubi-9-for-x86_64-baseos-rpms
    size: 304135
    checksum: sha256:d8a149f0d8f217126642cc4b40199d631b940f7d227191cc2179f3158fd47f9e
    name: libzstd
    evr: 1.5.5-1.el9
    sourcerpm: zstd-1.5.5-1.el9.src.rpm
  - url: https://cdn-ubi.redhat.com/content/public/ubi/dist/ubi9/9/x86_64/baseos/os/Packages/l/logrotate-3.18.0-9.el9.x86_64.rpm
    repoid: ubi-9-for-x86_64-baseos-rpms
    size: 80588
    checksum: sha256:50842f9ff79ced10d9676d29632bb77bd4c95bfb0beac01a0b607943ab4c8816
    name: logrotate
    evr: 3.18.0-9.el9
    sourcerpm: logrotate-3.18.0-9.el9.src.rpm
  - url: https://cdn-ubi.redhat.com/content/public/ubi/dist/ubi9/9/x86_64/baseos/os/Packages/l/lz4-libs-1.9.3-5.el9.x86_64.rpm
    repoid: ubi-9-for-x86_64-baseos-rpms
    size: 70922
    checksum: sha256:9658da838021711f687cf283368664984bfb1c8b9176897d7d477a724a11a731
    name: lz4-libs
    evr: 1.9.3-5.el9
    sourcerpm: lz4-1.9.3-5.el9.src.rpm
  - url: https://cdn-ubi.redhat.com/content/public/ubi/dist/ubi9/9/x86_64/baseos/os/Packages/o/openssl-3.2.2-6.el9_5.1.x86_64.rpm
    repoid: ubi-9-for-x86_64-baseos-rpms
    size: 1420999
    checksum: sha256:f379686df99db814e30568a896b417278775fc96864ac6d2660bf48ef94309e3
    name: openssl
    evr: 1:3.2.2-6.el9_5.1
    sourcerpm: openssl-3.2.2-6.el9_5.1.src.rpm
  - url: https://cdn-ubi.redhat.com/content/public/ubi/dist/ubi9/9/x86_64/baseos/os/Packages/o/openssl-fips-provider-3.0.7-6.el9_5.x86_64.rpm
    repoid: ubi-9-for-x86_64-baseos-rpms
    size: 9625
    checksum: sha256:bd9266695b8238ed6fe436ae5f613cee2e5e1ee5d612ab495f1da2f21f2830aa
    name: openssl-fips-provider
    evr: 3.0.7-6.el9_5
    sourcerpm: openssl-fips-provider-3.0.7-6.el9_5.src.rpm
  - url: https://cdn-ubi.redhat.com/content/public/ubi/dist/ubi9/9/x86_64/baseos/os/Packages/o/openssl-fips-provider-so-3.0.7-6.el9_5.x86_64.rpm
    repoid: ubi-9-for-x86_64-baseos-rpms
    size: 590625
    checksum: sha256:451372cea98f4993b2a4a2ed5876f1a661450e7487f73f945bbaf34789931437
    name: openssl-fips-provider-so
    evr: 3.0.7-6.el9_5
    sourcerpm: openssl-fips-provider-3.0.7-6.el9_5.src.rpm
  - url: https://cdn-ubi.redhat.com/content/public/ubi/dist/ubi9/9/x86_64/baseos/os/Packages/o/openssl-libs-3.2.2-6.el9_5.1.x86_64.rpm
    repoid: ubi-9-for-x86_64-baseos-rpms
    size: 2218318
    checksum: sha256:287d11706d44a53455ed8ac62faab4c4a0b8c0fa5e367adf122c7a76c6ddbbb8
    name: openssl-libs
    evr: 1:3.2.2-6.el9_5.1
    sourcerpm: openssl-3.2.2-6.el9_5.1.src.rpm
  - url: https://cdn-ubi.redhat.com/content/public/ubi/dist/ubi9/9/x86_64/baseos/os/Packages/p/p11-kit-0.25.3-3.el9_5.x86_64.rpm
    repoid: ubi-9-for-x86_64-baseos-rpms
    size: 548533
    checksum: sha256:e5a99495f837953c90ae46d0226fec22ae972ff57074b31f9a5a1dd9c562065f
    name: p11-kit
    evr: 0.25.3-3.el9_5
    sourcerpm: p11-kit-0.25.3-3.el9_5.src.rpm
  - url: https://cdn-ubi.redhat.com/content/public/ubi/dist/ubi9/9/x86_64/baseos/os/Packages/p/p11-kit-trust-0.25.3-3.el9_5.x86_64.rpm
    repoid: ubi-9-for-x86_64-baseos-rpms
    size: 147809
    checksum: sha256:16a699351e080fceea5b3aec2dc53a290cad960b8c94cf88832107843e452fc2
    name: p11-kit-trust
    evr: 0.25.3-3.el9_5
    sourcerpm: p11-kit-0.25.3-3.el9_5.src.rpm
  - url: https://cdn-ubi.redhat.com/content/public/ubi/dist/ubi9/9/x86_64/baseos/os/Packages/p/pam-1.5.1-23.el9.x86_64.rpm
    repoid: ubi-9-for-x86_64-baseos-rpms
    size: 647096
    checksum: sha256:5f261b23e11d27a49e5ddcb83ee93f37834a8160c82a0b82dbe6bf07acdfd96b
    name: pam
    evr: 1.5.1-23.el9
    sourcerpm: pam-1.5.1-23.el9.src.rpm
  - url: https://cdn-ubi.redhat.com/content/public/ubi/dist/ubi9/9/x86_64/baseos/os/Packages/p/pcre-8.44-4.el9.x86_64.rpm
    repoid: ubi-9-for-x86_64-baseos-rpms
    size: 205261
    checksum: sha256:e9ddc7d57d4f6e7400b66bcc78b9bafc1f05630e3e0d2a14000bc907f429ddc4
    name: pcre
    evr: 8.44-4.el9
    sourcerpm: pcre-8.44-4.el9.src.rpm
  - url: https://cdn-ubi.redhat.com/content/public/ubi/dist/ubi9/9/x86_64/baseos/os/Packages/p/popt-1.18-8.el9.x86_64.rpm
    repoid: ubi-9-for-x86_64-baseos-rpms
    size: 70397
    checksum: sha256:1649240d2a69e13d3b5ddc5c5e63c5d64a77930578a6bc4c3aca32f00423cd87
    name: popt
    evr: 1.18-8.el9
    sourcerpm: popt-1.18-8.el9.src.rpm
  - url: https://cdn-ubi.redhat.com/content/public/ubi/dist/ubi9/9/x86_64/baseos/os/Packages/r/readline-8.1-4.el9.x86_64.rpm
    repoid: ubi-9-for-x86_64-baseos-rpms
    size: 220174
    checksum: sha256:01bf315b3bc44c28515c4d33d49173b23d7979d2a09b7b15f749d434b60851e6
    name: readline
    evr: 8.1-4.el9
    sourcerpm: readline-8.1-4.el9.src.rpm
  - url: https://cdn-ubi.redhat.com/content/public/ubi/dist/ubi9/9/x86_64/baseos/os/Packages/s/sed-4.8-9.el9.x86_64.rpm
    repoid: ubi-9-for-x86_64-baseos-rpms
    size: 316395
    checksum: sha256:bf3baf444e49eba4189e57d562a7522ab714132d2960db87ef9b99f1b46a3cc4
    name: sed
    evr: 4.8-9.el9
    sourcerpm: sed-4.8-9.el9.src.rpm
  - url: https://cdn-ubi.redhat.com/content/public/ubi/dist/ubi9/9/x86_64/baseos/os/Packages/s/shadow-utils-4.9-12.el9.x86_64.rpm
    repoid: ubi-9-for-x86_64-baseos-rpms
    size: 1257960
    checksum: sha256:97581b725af384553fa72773ad29e2a5112e3a3ce081ae811d89ff5b75a93b92
    name: shadow-utils
    evr: 2:4.9-12.el9
    sourcerpm: shadow-utils-4.9-12.el9.src.rpm
  - url: https://cdn-ubi.redhat.com/content/public/ubi/dist/ubi9/9/x86_64/baseos/os/Packages/s/systemd-252-51.el9.x86_64.rpm
    repoid: ubi-9-for-x86_64-baseos-rpms
    size: 4425249
    checksum: sha256:7bd22f7b3872de16d5b6dfd95051c7bd7bccecc0e2216093c3f82cf4a96275ce
    name: systemd
    evr: 252-51.el9
    sourcerpm: systemd-252-51.el9.src.rpm
  - url: https://cdn-ubi.redhat.com/content/public/ubi/dist/ubi9/9/x86_64/baseos/os/Packages/s/systemd-libs-252-51.el9.x86_64.rpm
    repoid: ubi-9-for-x86_64-baseos-rpms
    size: 700435
    checksum: sha256:c14fb5970e2eb386a2291e8bf3a8a10307df47f560dfe35bc9380230e9809231
    name: systemd-libs
    evr: 252-51.el9
    sourcerpm: systemd-252-51.el9.src.rpm
  - url: https://cdn-ubi.redhat.com/content/public/ubi/dist/ubi9/9/x86_64/baseos/os/Packages/s/systemd-pam-252-51.el9.x86_64.rpm
    repoid: ubi-9-for-x86_64-baseos-rpms
    size: 294725
    checksum: sha256:4bf47b8480375f5972ccd826a8bf51700df22bc2a7767daa81e1d50366e64ea2
    name: systemd-pam
    evr: 252-51.el9
    sourcerpm: systemd-252-51.el9.src.rpm
  - url: https://cdn-ubi.redhat.com/content/public/ubi/dist/ubi9/9/x86_64/baseos/os/Packages/s/systemd-rpm-macros-252-51.el9.noarch.rpm
    repoid: ubi-9-for-x86_64-baseos-rpms
    size: 77716
    checksum: sha256:3cbe727507a7bc53773cd360372d7be3876f8ddf29b0181158c7f250caa3331c
    name: systemd-rpm-macros
    evr: 252-51.el9
    sourcerpm: systemd-252-51.el9.src.rpm
  - url: https://cdn-ubi.redhat.com/content/public/ubi/dist/ubi9/9/x86_64/baseos/os/Packages/u/util-linux-2.37.4-21.el9.x86_64.rpm
    repoid: ubi-9-for-x86_64-baseos-rpms
    size: 2395065
    checksum: sha256:61c795084ae4b7745b904347d4643110cd62558fce2978bd4f025ff83524e55f
    name: util-linux
    evr: 2.37.4-21.el9
    sourcerpm: util-linux-2.37.4-21.el9.src.rpm
  - url: https://cdn-ubi.redhat.com/content/public/ubi/dist/ubi9/9/x86_64/baseos/os/Packages/u/util-linux-core-2.37.4-21.el9.x86_64.rpm
    repoid: ubi-9-for-x86_64-baseos-rpms
    size: 480619
    checksum: sha256:36389814fcec56d9b9d4bd1a4a63efb1cefa00bc8bacab73f89ef8f8be04b1cd
    name: util-linux-core
    evr: 2.37.4-21.el9
    sourcerpm: util-linux-2.37.4-21.el9.src.rpm
  - url: https://cdn-ubi.redhat.com/content/public/ubi/dist/ubi9/9/x86_64/baseos/os/Packages/x/xz-libs-5.2.5-8.el9_0.x86_64.rpm
    repoid: ubi-9-for-x86_64-baseos-rpms
    size: 96649
    checksum: sha256:de263f880a4394f04b5e84254ba0a88d781b5bd63665c9e028bc10351490c982
    name: xz-libs
    evr: 5.2.5-8.el9_0
    sourcerpm: xz-5.2.5-8.el9_0.src.rpm
  - url: https://cdn-ubi.redhat.com/content/public/ubi/dist/ubi9/9/x86_64/baseos/os/Packages/z/zlib-1.2.11-40.el9.x86_64.rpm
    repoid: ubi-9-for-x86_64-baseos-rpms
    size: 95708
    checksum: sha256:baf95ffbf40ee014135f16fe33e343faf7ff1ca06509fd97cd988e6afeabf670
    name: zlib
    evr: 1.2.11-40.el9
    sourcerpm: zlib-1.2.11-40.el9.src.rpm
  source: []
  module_metadata: []
